
Microsoft Visual Studio Solution File, Format Version 12.00
# Visual Studio 15
VisualStudioVersion = 15.0.28307.852
MinimumVisualStudioVersion = 10.0.40219.1
Project("{2150E333-8FDC-42A3-9474-1A3956D46DE8}") = "01 - Présentation", "01 - Présentation", "{82E9E0D0-2E55-4809-9DBF-68D068494239}"
EndProject
Project("{2150E333-8FDC-42A3-9474-1A3956D46DE8}") = "02 - Application", "02 - Application", "{657983CD-7825-4C9E-8756-1EA1C6BCF750}"
EndProject
Project("{2150E333-8FDC-42A3-9474-1A3956D46DE8}") = "03 - Domain", "03 - Domain", "{3DCC487C-4A2B-4468-B578-CE4DB0BDCAF2}"
EndProject
Project("{2150E333-8FDC-42A3-9474-1A3956D46DE8}") = "04 - Infrastructure", "04 - Infrastructure", "{0662D67B-B4AF-42BA-9A96-755A884B124D}"
EndProject
Project("{2150E333-8FDC-42A3-9474-1A3956D46DE8}") = "05 - Crosscutting", "05 - Crosscutting", "{C74C1CEB-48D5-477B-ADDD-CFC578D486AC}"
EndProject
Project("{FAE04EC0-301F-11D3-BF4B-00C04F79EFBC}") = "Presentation", "RDuni\Presentation\Presentation.csproj", "{278F2D67-F4CD-4F8C-8795-B186D8C38E57}"
EndProject
Project("{9A19103F-16F7-4668-BE54-9A1E7A4F7556}") = "Application", "RDuni\Application\Application.csproj", "{656F6859-41FC-40EC-B456-2C86308592FC}"
EndProject
Project("{9A19103F-16F7-4668-BE54-9A1E7A4F7556}") = "Domain Model", "RDuni\Domain Model\Domain Model.csproj", "{8962790E-AFBD-48BF-AFB5-0F716A54FDCB}"
EndProject
Project("{9A19103F-16F7-4668-BE54-9A1E7A4F7556}") = "Infrastructure", "RDuni\Infrastructure\Infrastructure.csproj", "{D46CD1F6-ED83-4C75-A180-24876003744B}"
EndProject
Project("{9A19103F-16F7-4668-BE54-9A1E7A4F7556}") = "Crosscutting", "RDuni\Crosscutting\Crosscutting.csproj", "{BA6054AB-55B6-45FB-9A0E-4605256131CC}"
EndProject
Global
	GlobalSection(SolutionConfigurationPlatforms) = preSolution
		Debug|Any CPU = Debug|Any CPU
		Release|Any CPU = Release|Any CPU
	EndGlobalSection
	GlobalSection(ProjectConfigurationPlatforms) = postSolution
		{278F2D67-F4CD-4F8C-8795-B186D8C38E57}.Debug|Any CPU.ActiveCfg = Debug|Any CPU
		{278F2D67-F4CD-4F8C-8795-B186D8C38E57}.Debug|Any CPU.Build.0 = Debug|Any CPU
		{278F2D67-F4CD-4F8C-8795-B186D8C38E57}.Release|Any CPU.ActiveCfg = Release|Any CPU
		{278F2D67-F4CD-4F8C-8795-B186D8C38E57}.Release|Any CPU.Build.0 = Release|Any CPU
		{656F6859-41FC-40EC-B456-2C86308592FC}.Debug|Any CPU.ActiveCfg = Debug|Any CPU
		{656F6859-41FC-40EC-B456-2C86308592FC}.Debug|Any CPU.Build.0 = Debug|Any CPU
		{656F6859-41FC-40EC-B456-2C86308592FC}.Release|Any CPU.ActiveCfg = Release|Any CPU
		{656F6859-41FC-40EC-B456-2C86308592FC}.Release|Any CPU.Build.0 = Release|Any CPU
		{8962790E-AFBD-48BF-AFB5-0F716A54FDCB}.Debug|Any CPU.ActiveCfg = Debug|Any CPU
		{8962790E-AFBD-48BF-AFB5-0F716A54FDCB}.Debug|Any CPU.Build.0 = Debug|Any CPU
		{8962790E-AFBD-48BF-AFB5-0F716A54FDCB}.Release|Any CPU.ActiveCfg = Release|Any CPU
		{8962790E-AFBD-48BF-AFB5-0F716A54FDCB}.Release|Any CPU.Build.0 = Release|Any CPU
		{D46CD1F6-ED83-4C75-A180-24876003744B}.Debug|Any CPU.ActiveCfg = Debug|Any CPU
		{D46CD1F6-ED83-4C75-A180-24876003744B}.Debug|Any CPU.Build.0 = Debug|Any CPU
		{D46CD1F6-ED83-4C75-A180-24876003744B}.Release|Any CPU.ActiveCfg = Release|Any CPU
		{D46CD1F6-ED83-4C75-A180-24876003744B}.Release|Any CPU.Build.0 = Release|Any CPU
		{BA6054AB-55B6-45FB-9A0E-4605256131CC}.Debug|Any CPU.ActiveCfg = Debug|Any CPU
		{BA6054AB-55B6-45FB-9A0E-4605256131CC}.Debug|Any CPU.Build.0 = Debug|Any CPU
		{BA6054AB-55B6-45FB-9A0E-4605256131CC}.Release|Any CPU.ActiveCfg = Release|Any CPU
		{BA6054AB-55B6-45FB-9A0E-4605256131CC}.Release|Any CPU.Build.0 = Release|Any CPU
	EndGlobalSection
	GlobalSection(SolutionProperties) = preSolution
		HideSolutionNode = FALSE
	EndGlobalSection
	GlobalSection(NestedProjects) = preSolution
		{278F2D67-F4CD-4F8C-8795-B186D8C38E57} = {82E9E0D0-2E55-4809-9DBF-68D068494239}
		{656F6859-41FC-40EC-B456-2C86308592FC} = {657983CD-7825-4C9E-8756-1EA1C6BCF750}
		{8962790E-AFBD-48BF-AFB5-0F716A54FDCB} = {3DCC487C-4A2B-4468-B578-CE4DB0BDCAF2}
		{D46CD1F6-ED83-4C75-A180-24876003744B} = {0662D67B-B4AF-42BA-9A96-755A884B124D}
		{BA6054AB-55B6-45FB-9A0E-4605256131CC} = {C74C1CEB-48D5-477B-ADDD-CFC578D486AC}
	EndGlobalSection
	GlobalSection(ExtensibilityGlobals) = postSolution
		SolutionGuid = {68A7E51E-F9F8-4674-9308-0EC252BC578C}
	EndGlobalSection
EndGlobal
